
Microsoft Visual Studio Solution File, Format Version 12.00
# Visual Studio Version 16
VisualStudioVersion = 16.0.29409.12
MinimumVisualStudioVersion = 10.0.40219.1
Project("{FAE04EC0-301F-11D3-BF4B-00C04F79EFBC}") = "AutomatedUiTesting", "AutomatedUiTesting\AutomatedUiTesting.csproj", "{7346E567-685F-4383-95BD-8D4CE553B5DA}"
	ProjectSection(ProjectDependencies) = postProject
		{0AF08B47-127E-4785-A2B5-DE818226A662} = {0AF08B47-127E-4785-A2B5-DE818226A662}
	EndProjectSection
EndProject
Project("{FAE04EC0-301F-11D3-BF4B-00C04F79EFBC}") = "Interfaces", "Interfaces\Interfaces.csproj", "{28DEEC32-6C28-4D39-BEC6-8147822A9B07}"
EndProject
Project("{FAE04EC0-301F-11D3-BF4B-00C04F79EFBC}") = "TestFramework", "TestFramework\TestFramework.csproj", "{0AF08B47-127E-4785-A2B5-DE818226A662}"
EndProject
Global
	GlobalSection(SolutionConfigurationPlatforms) = preSolution
		Debug|Any CPU = Debug|Any CPU
		Release|Any CPU = Release|Any CPU
	EndGlobalSection
	GlobalSection(ProjectConfigurationPlatforms) = postSolution
		{7346E567-685F-4383-95BD-8D4CE553B5DA}.Debug|Any CPU.ActiveCfg = Debug|Any CPU
		{7346E567-685F-4383-95BD-8D4CE553B5DA}.Debug|Any CPU.Build.0 = Debug|Any CPU
		{7346E567-685F-4383-95BD-8D4CE553B5DA}.Release|Any CPU.ActiveCfg = Release|Any CPU
		{7346E567-685F-4383-95BD-8D4CE553B5DA}.Release|Any CPU.Build.0 = Release|Any CPU
		{28DEEC32-6C28-4D39-BEC6-8147822A9B07}.Debug|Any CPU.ActiveCfg = Debug|Any CPU
		{28DEEC32-6C28-4D39-BEC6-8147822A9B07}.Debug|Any CPU.Build.0 = Debug|Any CPU
		{28DEEC32-6C28-4D39-BEC6-8147822A9B07}.Release|Any CPU.ActiveCfg = Release|Any CPU
		{28DEEC32-6C28-4D39-BEC6-8147822A9B07}.Release|Any CPU.Build.0 = Release|Any CPU
		{0AF08B47-127E-4785-A2B5-DE818226A662}.Debug|Any CPU.ActiveCfg = Debug|Any CPU
		{0AF08B47-127E-4785-A2B5-DE818226A662}.Debug|Any CPU.Build.0 = Debug|Any CPU
		{0AF08B47-127E-4785-A2B5-DE818226A662}.Release|Any CPU.ActiveCfg = Release|Any CPU
		{0AF08B47-127E-4785-A2B5-DE818226A662}.Release|Any CPU.Build.0 = Release|Any CPU
	EndGlobalSection
	GlobalSection(SolutionProperties) = preSolution
		HideSolutionNode = FALSE
	EndGlobalSection
	GlobalSection(ExtensibilityGlobals) = postSolution
		SolutionGuid = {01C93A93-157D-4CB0-A868-3D092AC7BC38}
	EndGlobalSection
EndGlobal
